
Microsoft Visual Studio Solution File, Format Version 12.00
Project("{FAE04EC0-301F-11D3-BF4B-00C04F79EFBC}") = "Game", "Game\Game.csproj", "{F9CDD390-2AAA-4ED6-A5E8-096635982A16}"
EndProject
Project("{FAE04EC0-301F-11D3-BF4B-00C04F79EFBC}") = "Api", "Api\Api.csproj", "{AA8C91C4-6CD3-478D-8621-4B5814B937ED}"
EndProject
Global
	GlobalSection(SolutionConfigurationPlatforms) = preSolution
		Debug|Any CPU = Debug|Any CPU
		Release|Any CPU = Release|Any CPU
	EndGlobalSection
	GlobalSection(ProjectConfigurationPlatforms) = postSolution
		{F9CDD390-2AAA-4ED6-A5E8-096635982A16}.Debug|Any CPU.ActiveCfg = Debug|Any CPU
		{F9CDD390-2AAA-4ED6-A5E8-096635982A16}.Debug|Any CPU.Build.0 = Debug|Any CPU
		{F9CDD390-2AAA-4ED6-A5E8-096635982A16}.Release|Any CPU.ActiveCfg = Release|Any CPU
		{F9CDD390-2AAA-4ED6-A5E8-096635982A16}.Release|Any CPU.Build.0 = Release|Any CPU
		{AA8C91C4-6CD3-478D-8621-4B5814B937ED}.Debug|Any CPU.ActiveCfg = Debug|Any CPU
		{AA8C91C4-6CD3-478D-8621-4B5814B937ED}.Debug|Any CPU.Build.0 = Debug|Any CPU
		{AA8C91C4-6CD3-478D-8621-4B5814B937ED}.Release|Any CPU.ActiveCfg = Release|Any CPU
		{AA8C91C4-6CD3-478D-8621-4B5814B937ED}.Release|Any CPU.Build.0 = Release|Any CPU
	EndGlobalSection
EndGlobal
